// !$*UTF8*$!
{
	archiveVersion = 1;
	classes = {
	};
	objectVersion = 50;
	objects = {

/* Begin PBXBuildFile section */
		715824742445D2A500D0947F /* AppDelegate.swift in Sources */ = {isa = PBXBuildFile; fileRef = 715824732445D2A500D0947F /* AppDelegate.swift */; };
		715824762445D2A500D0947F /* ViewController.swift in Sources */ = {isa = PBXBuildFile; fileRef = 715824752445D2A500D0947F /* ViewController.swift */; };
		715824792445D2A500D0947F /* Vento.xcdatamodeld in Sources */ = {isa = PBXBuildFile; fileRef = 715824772445D2A500D0947F /* Vento.xcdatamodeld */; };
		7158247B2445D2A700D0947F /* Assets.xcassets in Resources */ = {isa = PBXBuildFile; fileRef = 7158247A2445D2A700D0947F /* Assets.xcassets */; };
		7158247E2445D2A700D0947F /* Main.storyboard in Resources */ = {isa = PBXBuildFile; fileRef = 7158247C2445D2A700D0947F /* Main.storyboard */; };
		7158248A2445D2A700D0947F /* VentoTests.swift in Sources */ = {isa = PBXBuildFile; fileRef = 715824892445D2A700D0947F /* VentoTests.swift */; };
		715824952445D2A700D0947F /* VentoUITests.swift in Sources */ = {isa = PBXBuildFile; fileRef = 715824942445D2A700D0947F /* VentoUITests.swift */; };
		715824A52445D97400D0947F /* Vento.swift in Sources */ = {isa = PBXBuildFile; fileRef = 715824A32445D97400D0947F /* Vento.swift */; };
		715824A62445D97400D0947F /* AppInformation.swift in Sources */ = {isa = PBXBuildFile; fileRef = 715824A42445D97400D0947F /* AppInformation.swift */; };
		8663B80E24586D5C0072857E /* checkForUpdate.swift in Sources */ = {isa = PBXBuildFile; fileRef = 8663B80D24586D5C0072857E /* checkForUpdate.swift */; };
		8667BFAF24532F7000F77106 /* fixPermissions.swift in Sources */ = {isa = PBXBuildFile; fileRef = 8667BFAE24532F7000F77106 /* fixPermissions.swift */; };
/* End PBXBuildFile section */

/* Begin PBXContainerItemProxy section */
		715824862445D2A700D0947F /* PBXContainerItemProxy */ = {
			isa = PBXContainerItemProxy;
			containerPortal = 715824682445D2A500D0947F /* Project object */;
			proxyType = 1;
			remoteGlobalIDString = 7158246F2445D2A500D0947F;
			remoteInfo = Vento;
		};
		715824912445D2A700D0947F /* PBXContainerItemProxy */ = {
			isa = PBXContainerItemProxy;
			containerPortal = 715824682445D2A500D0947F /* Project object */;
			proxyType = 1;
			remoteGlobalIDString = 7158246F2445D2A500D0947F;
			remoteInfo = Vento;
		};
/* End PBXContainerItemProxy section */

/* Begin PBXFileReference section */
		715824702445D2A500D0947F /* Vento.app */ = {isa = PBXFileReference; explicitFileType = wrapper.application; includeInIndex = 0; path = Vento.app; sourceTree = BUILT_PRODUCTS_DIR; };
		715824732445D2A500D0947F /* AppDelegate.swift */ = {isa = PBXFileReference; lastKnownFileType = sourcecode.swift; path = AppDelegate.swift; sourceTree = "<group>"; };
		715824752445D2A500D0947F /* ViewController.swift */ = {isa = PBXFileReference; lastKnownFileType = sourcecode.swift; path = ViewController.swift; sourceTree = "<group>"; };
		715824782445D2A500D0947F /* Vento.xcdatamodel */ = {isa = PBXFileReference; lastKnownFileType = wrapper.xcdatamodel; path = Vento.xcdatamodel; sourceTree = "<group>"; };
		7158247A2445D2A700D0947F /* Assets.xcassets */ = {isa = PBXFileReference; lastKnownFileType = folder.assetcatalog; path = Assets.xcassets; sourceTree = "<group>"; };
		7158247D2445D2A700D0947F /* Base */ = {isa = PBXFileReference; lastKnownFileType = file.storyboard; name = Base; path = Base.lproj/Main.storyboard; sourceTree = "<group>"; };
		7158247F2445D2A700D0947F /* Info.plist */ = {isa = PBXFileReference; lastKnownFileType = text.plist.xml; path = Info.plist; sourceTree = "<group>"; };
		715824802445D2A700D0947F /* Vento.entitlements */ = {isa = PBXFileReference; lastKnownFileType = text.plist.entitlements; path = Vento.entitlements; sourceTree = "<group>"; };
		715824852445D2A700D0947F /* VentoTests.xctest */ = {isa = PBXFileReference; explicitFileType = wrapper.cfbundle; includeInIndex = 0; path = VentoTests.xctest; sourceTree = BUILT_PRODUCTS_DIR; };
		715824892445D2A700D0947F /* VentoTests.swift */ = {isa = PBXFileReference; lastKnownFileType = sourcecode.swift; path = VentoTests.swift; sourceTree = "<group>"; };
		7158248B2445D2A700D0947F /* Info.plist */ = {isa = PBXFileReference; lastKnownFileType = text.plist.xml; path = Info.plist; sourceTree = "<group>"; };
		715824902445D2A700D0947F /* VentoUITests.xctest */ = {isa = PBXFileReference; explicitFileType = wrapper.cfbundle; includeInIndex = 0; path = VentoUITests.xctest; sourceTree = BUILT_PRODUCTS_DIR; };
		715824942445D2A700D0947F /* VentoUITests.swift */ = {isa = PBXFileReference; lastKnownFileType = sourcecode.swift; path = VentoUITests.swift; sourceTree = "<group>"; };
		715824962445D2A700D0947F /* Info.plist */ = {isa = PBXFileReference; lastKnownFileType = text.plist.xml; path = Info.plist; sourceTree = "<group>"; };
		715824A32445D97400D0947F /* Vento.swift */ = {isa = PBXFileReference; fileEncoding = 4; lastKnownFileType = sourcecode.swift; path = Vento.swift; sourceTree = "<group>"; };
		715824A42445D97400D0947F /* AppInformation.swift */ = {isa = PBXFileReference; fileEncoding = 4; lastKnownFileType = sourcecode.swift; path = AppInformation.swift; sourceTree = "<group>"; };
		8663B80D24586D5C0072857E /* checkForUpdate.swift */ = {isa = PBXFileReference; fileEncoding = 4; lastKnownFileType = sourcecode.swift; path = checkForUpdate.swift; sourceTree = "<group>"; };
		8667BFAE24532F7000F77106 /* fixPermissions.swift */ = {isa = PBXFileReference; lastKnownFileType = sourcecode.swift; path = fixPermissions.swift; sourceTree = "<group>"; };
/* End PBXFileReference section */

/* Begin PBXFrameworksBuildPhase section */
		7158246D2445D2A500D0947F /* Frameworks */ = {
			isa = PBXFrameworksBuildPhase;
			buildActionMask = 2147483647;
			files = (
			);
			runOnlyForDeploymentPostprocessing = 0;
		};
		715824822445D2A700D0947F /* Frameworks */ = {
			isa = PBXFrameworksBuildPhase;
			buildActionMask = 2147483647;
			files = (
			);
			runOnlyForDeploymentPostprocessing = 0;
		};
		7158248D2445D2A700D0947F /* Frameworks */ = {
			isa = PBXFrameworksBuildPhase;
			buildActionMask = 2147483647;
			files = (
			);
			runOnlyForDeploymentPostprocessing = 0;
		};
/* End PBXFrameworksBuildPhase section */

/* Begin PBXGroup section */
		715824672445D2A500D0947F = {
			isa = PBXGroup;
			children = (
				715824722445D2A500D0947F /* Vento */,
				715824882445D2A700D0947F /* VentoTests */,
				715824932445D2A700D0947F /* VentoUITests */,
				715824712445D2A500D0947F /* Products */,
			);
			sourceTree = "<group>";
		};
		715824712445D2A500D0947F /* Products */ = {
			isa = PBXGroup;
			children = (
				715824702445D2A500D0947F /* Vento.app */,
				715824852445D2A700D0947F /* VentoTests.xctest */,
				715824902445D2A700D0947F /* VentoUITests.xctest */,
			);
			name = Products;
			sourceTree = "<group>";
		};
		715824722445D2A500D0947F /* Vento */ = {
			isa = PBXGroup;
			children = (
				715824A22445D97400D0947F /* scripts */,
				715824732445D2A500D0947F /* AppDelegate.swift */,
				715824752445D2A500D0947F /* ViewController.swift */,
				7158247A2445D2A700D0947F /* Assets.xcassets */,
				7158247C2445D2A700D0947F /* Main.storyboard */,
				7158247F2445D2A700D0947F /* Info.plist */,
				715824802445D2A700D0947F /* Vento.entitlements */,
				715824772445D2A500D0947F /* Vento.xcdatamodeld */,
			);
			path = Vento;
			sourceTree = "<group>";
		};
		715824882445D2A700D0947F /* VentoTests */ = {
			isa = PBXGroup;
			children = (
				715824892445D2A700D0947F /* VentoTests.swift */,
				7158248B2445D2A700D0947F /* Info.plist */,
			);
			path = VentoTests;
			sourceTree = "<group>";
		};
		715824932445D2A700D0947F /* VentoUITests */ = {
			isa = PBXGroup;
			children = (
				715824942445D2A700D0947F /* VentoUITests.swift */,
				715824962445D2A700D0947F /* Info.plist */,
			);
			path = VentoUITests;
			sourceTree = "<group>";
		};
		715824A22445D97400D0947F /* scripts */ = {
			isa = PBXGroup;
			children = (
				8663B80D24586D5C0072857E /* checkForUpdate.swift */,
				715824A32445D97400D0947F /* Vento.swift */,
				715824A42445D97400D0947F /* AppInformation.swift */,
				8667BFAE24532F7000F77106 /* fixPermissions.swift */,
			);
			path = scripts;
			sourceTree = "<group>";
		};
/* End PBXGroup section */

/* Begin PBXNativeTarget section */
		7158246F2445D2A500D0947F /* Vento */ = {
			isa = PBXNativeTarget;
			buildConfigurationList = 715824992445D2A700D0947F /* Build configuration list for PBXNativeTarget "Vento" */;
			buildPhases = (
				7158246C2445D2A500D0947F /* Sources */,
				7158246D2445D2A500D0947F /* Frameworks */,
				7158246E2445D2A500D0947F /* Resources */,
			);
			buildRules = (
			);
			dependencies = (
			);
			name = Vento;
			productName = Vento;
			productReference = 715824702445D2A500D0947F /* Vento.app */;
			productType = "com.apple.product-type.application";
		};
		715824842445D2A700D0947F /* VentoTests */ = {
			isa = PBXNativeTarget;
			buildConfigurationList = 7158249C2445D2A700D0947F /* Build configuration list for PBXNativeTarget "VentoTests" */;
			buildPhases = (
				715824812445D2A700D0947F /* Sources */,
				715824822445D2A700D0947F /* Frameworks */,
				715824832445D2A700D0947F /* Resources */,
			);
			buildRules = (
			);
			dependencies = (
				715824872445D2A700D0947F /* PBXTargetDependency */,
			);
			name = VentoTests;
			productName = VentoTests;
			productReference = 715824852445D2A700D0947F /* VentoTests.xctest */;
			productType = "com.apple.product-type.bundle.unit-test";
		};
		7158248F2445D2A700D0947F /* VentoUITests */ = {
			isa = PBXNativeTarget;
			buildConfigurationList = 7158249F2445D2A700D0947F /* Build configuration list for PBXNativeTarget "VentoUITests" */;
			buildPhases = (
				7158248C2445D2A700D0947F /* Sources */,
				7158248D2445D2A700D0947F /* Frameworks */,
				7158248E2445D2A700D0947F /* Resources */,
			);
			buildRules = (
			);
			dependencies = (
				715824922445D2A700D0947F /* PBXTargetDependency */,
			);
			name = VentoUITests;
			productName = VentoUITests;
			productReference = 715824902445D2A700D0947F /* VentoUITests.xctest */;
			productType = "com.apple.product-type.bundle.ui-testing";
		};
/* End PBXNativeTarget section */

/* Begin PBXProject section */
		715824682445D2A500D0947F /* Project object */ = {
			isa = PBXProject;
			attributes = {
				LastSwiftUpdateCheck = 1140;
				LastUpgradeCheck = 1140;
				ORGANIZATIONNAME = "Michel Barnich";
				TargetAttributes = {
					7158246F2445D2A500D0947F = {
						CreatedOnToolsVersion = 11.4;
					};
					715824842445D2A700D0947F = {
						CreatedOnToolsVersion = 11.4;
						TestTargetID = 7158246F2445D2A500D0947F;
					};
					7158248F2445D2A700D0947F = {
						CreatedOnToolsVersion = 11.4;
						TestTargetID = 7158246F2445D2A500D0947F;
					};
				};
			};
			buildConfigurationList = 7158246B2445D2A500D0947F /* Build configuration list for PBXProject "Vento" */;
			compatibilityVersion = "Xcode 9.3";
			developmentRegion = en;
			hasScannedForEncodings = 0;
			knownRegions = (
				en,
				Base,
			);
			mainGroup = 715824672445D2A500D0947F;
			productRefGroup = 715824712445D2A500D0947F /* Products */;
			projectDirPath = "";
			projectRoot = "";
			targets = (
				7158246F2445D2A500D0947F /* Vento */,
				715824842445D2A700D0947F /* VentoTests */,
				7158248F2445D2A700D0947F /* VentoUITests */,
			);
		};
/* End PBXProject section */

/* Begin PBXResourcesBuildPhase section */
		7158246E2445D2A500D0947F /* Resources */ = {
			isa = PBXResourcesBuildPhase;
			buildActionMask = 2147483647;
			files = (
				7158247B2445D2A700D0947F /* Assets.xcassets in Resources */,
				7158247E2445D2A700D0947F /* Main.storyboard in Resources */,
			);
			runOnlyForDeploymentPostprocessing = 0;
		};
		715824832445D2A700D0947F /* Resources */ = {
			isa = PBXResourcesBuildPhase;
			buildActionMask = 2147483647;
			files = (
			);
			runOnlyForDeploymentPostprocessing = 0;
		};
		7158248E2445D2A700D0947F /* Resources */ = {
			isa = PBXResourcesBuildPhase;
			buildActionMask = 2147483647;
			files = (
			);
			runOnlyForDeploymentPostprocessing = 0;
		};
/* End PBXResourcesBuildPhase section */

/* Begin PBXSourcesBuildPhase section */
		7158246C2445D2A500D0947F /* Sources */ = {
			isa = PBXSourcesBuildPhase;
			buildActionMask = 2147483647;
			files = (
				715824792445D2A500D0947F /* Vento.xcdatamodeld in Sources */,
				715824A62445D97400D0947F /* AppInformation.swift in Sources */,
				715824762445D2A500D0947F /* ViewController.swift in Sources */,
				715824A52445D97400D0947F /* Vento.swift in Sources */,
				8663B80E24586D5C0072857E /* checkForUpdate.swift in Sources */,
				8667BFAF24532F7000F77106 /* fixPermissions.swift in Sources */,
				715824742445D2A500D0947F /* AppDelegate.swift in Sources */,
			);
			runOnlyForDeploymentPostprocessing = 0;
		};
		715824812445D2A700D0947F /* Sources */ = {
			isa = PBXSourcesBuildPhase;
			buildActionMask = 2147483647;
			files = (
				7158248A2445D2A700D0947F /* VentoTests.swift in Sources */,
			);
			runOnlyForDeploymentPostprocessing = 0;
		};
		7158248C2445D2A700D0947F /* Sources */ = {
			isa = PBXSourcesBuildPhase;
			buildActionMask = 2147483647;
			files = (
				715824952445D2A700D0947F /* VentoUITests.swift in Sources */,
			);
			runOnlyForDeploymentPostprocessing = 0;
		};
/* End PBXSourcesBuildPhase section */

/* Begin PBXTargetDependency section */
		715824872445D2A700D0947F /* PBXTargetDependency */ = {
			isa = PBXTargetDependency;
			target = 7158246F2445D2A500D0947F /* Vento */;
			targetProxy = 715824862445D2A700D0947F /* PBXContainerItemProxy */;
		};
		715824922445D2A700D0947F /* PBXTargetDependency */ = {
			isa = PBXTargetDependency;
			target = 7158246F2445D2A500D0947F /* Vento */;
			targetProxy = 715824912445D2A700D0947F /* PBXContainerItemProxy */;
		};
/* End PBXTargetDependency section */

/* Begin PBXVariantGroup section */
		7158247C2445D2A700D0947F /* Main.storyboard */ = {
			isa = PBXVariantGroup;
			children = (
				7158247D2445D2A700D0947F /* Base */,
			);
			name = Main.storyboard;
			sourceTree = "<group>";
		};
/* End PBXVariantGroup section */

/* Begin XCBuildConfiguration section */
		715824972445D2A700D0947F /* Debug */ = {
			isa = XCBuildConfiguration;
			buildSettings = {
				ALWAYS_SEARCH_USER_PATHS = NO;
				CLANG_ANALYZER_NONNULL = YES;
				CLANG_ANALYZER_NUMBER_OBJECT_CONVERSION = YES_AGGRESSIVE;
				CLANG_CXX_LANGUAGE_STANDARD = "gnu++14";
				CLANG_CXX_LIBRARY = "libc++";
				CLANG_ENABLE_MODULES = YES;
				CLANG_ENABLE_OBJC_ARC = YES;
				CLANG_ENABLE_OBJC_WEAK = YES;
				CLANG_WARN_BLOCK_CAPTURE_AUTORELEASING = YES;
				CLANG_WARN_BOOL_CONVERSION = YES;
				CLANG_WARN_COMMA = YES;
				CLANG_WARN_CONSTANT_CONVERSION = YES;
				CLANG_WARN_DEPRECATED_OBJC_IMPLEMENTATIONS = YES;
				CLANG_WARN_DIRECT_OBJC_ISA_USAGE = YES_ERROR;
				CLANG_WARN_DOCUMENTATION_COMMENTS = YES;
				CLANG_WARN_EMPTY_BODY = YES;
				CLANG_WARN_ENUM_CONVERSION = YES;
				CLANG_WARN_INFINITE_RECURSION = YES;
				CLANG_WARN_INT_CONVERSION = YES;
				CLANG_WARN_NON_LITERAL_NULL_CONVERSION = YES;
				CLANG_WARN_OBJC_IMPLICIT_RETAIN_SELF = YES;
				CLANG_WARN_OBJC_LITERAL_CONVERSION = YES;
				CLANG_WARN_OBJC_ROOT_CLASS = YES_ERROR;
				CLANG_WARN_RANGE_LOOP_ANALYSIS = YES;
				CLANG_WARN_STRICT_PROTOTYPES = YES;
				CLANG_WARN_SUSPICIOUS_MOVE = YES;
				CLANG_WARN_UNGUARDED_AVAILABILITY = YES_AGGRESSIVE;
				CLANG_WARN_UNREACHABLE_CODE = YES;
				CLANG_WARN__DUPLICATE_METHOD_MATCH = YES;
				COPY_PHASE_STRIP = NO;
				DEBUG_INFORMATION_FORMAT = dwarf;
				ENABLE_STRICT_OBJC_MSGSEND = YES;
				ENABLE_TESTABILITY = YES;
				GCC_C_LANGUAGE_STANDARD = gnu11;
				GCC_DYNAMIC_NO_PIC = NO;
				GCC_NO_COMMON_BLOCKS = YES;
				GCC_OPTIMIZATION_LEVEL = 0;
				GCC_PREPROCESSOR_DEFINITIONS = (
					"DEBUG=1",
					"$(inherited)",
				);
				GCC_WARN_64_TO_32_BIT_CONVERSION = YES;
				GCC_WARN_ABOUT_RETURN_TYPE = YES_ERROR;
				GCC_WARN_UNDECLARED_SELECTOR = YES;
				GCC_WARN_UNINITIALIZED_AUTOS = YES_AGGRESSIVE;
				GCC_WARN_UNUSED_FUNCTION = YES;
				GCC_WARN_UNUSED_VARIABLE = YES;
				MACOSX_DEPLOYMENT_TARGET = 10.12;
				MTL_ENABLE_DEBUG_INFO = INCLUDE_SOURCE;
				MTL_FAST_MATH = YES;
				ONLY_ACTIVE_ARCH = YES;
				SDKROOT = macosx;
				SWIFT_ACTIVE_COMPILATION_CONDITIONS = DEBUG;
				SWIFT_OPTIMIZATION_LEVEL = "-Onone";
			};
			name = Debug;
		};
		715824982445D2A700D0947F /* Release */ = {
			isa = XCBuildConfiguration;
			buildSettings = {
				ALWAYS_SEARCH_USER_PATHS = NO;
				CLANG_ANALYZER_NONNULL = YES;
				CLANG_ANALYZER_NUMBER_OBJECT_CONVERSION = YES_AGGRESSIVE;
				CLANG_CXX_LANGUAGE_STANDARD = "gnu++14";
				CLANG_CXX_LIBRARY = "libc++";
				CLANG_ENABLE_MODULES = YES;
				CLANG_ENABLE_OBJC_ARC = YES;
				CLANG_ENABLE_OBJC_WEAK = YES;
				CLANG_WARN_BLOCK_CAPTURE_AUTORELEASING = YES;
				CLANG_WARN_BOOL_CONVERSION = YES;
				CLANG_WARN_COMMA = YES;
				CLANG_WARN_CONSTANT_CONVERSION = YES;
				CLANG_WARN_DEPRECATED_OBJC_IMPLEMENTATIONS = YES;
				CLANG_WARN_DIRECT_OBJC_ISA_USAGE = YES_ERROR;
				CLANG_WARN_DOCUMENTATION_COMMENTS = YES;
				CLANG_WARN_EMPTY_BODY = YES;
				CLANG_WARN_ENUM_CONVERSION = YES;
				CLANG_WARN_INFINITE_RECURSION = YES;
				CLANG_WARN_INT_CONVERSION = YES;
				CLANG_WARN_NON_LITERAL_NULL_CONVERSION = YES;
				CLANG_WARN_OBJC_IMPLICIT_RETAIN_SELF = YES;
				CLANG_WARN_OBJC_LITERAL_CONVERSION = YES;
				CLANG_WARN_OBJC_ROOT_CLASS = YES_ERROR;
				CLANG_WARN_RANGE_LOOP_ANALYSIS = YES;
				CLANG_WARN_STRICT_PROTOTYPES = YES;
				CLANG_WARN_SUSPICIOUS_MOVE = YES;
				CLANG_WARN_UNGUARDED_AVAILABILITY = YES_AGGRESSIVE;
				CLANG_WARN_UNREACHABLE_CODE = YES;
				CLANG_WARN__DUPLICATE_METHOD_MATCH = YES;
				COPY_PHASE_STRIP = NO;
				DEBUG_INFORMATION_FORMAT = "dwarf-with-dsym";
				ENABLE_NS_ASSERTIONS = NO;
				ENABLE_STRICT_OBJC_MSGSEND = YES;
				GCC_C_LANGUAGE_STANDARD = gnu11;
				GCC_NO_COMMON_BLOCKS = YES;
				GCC_WARN_64_TO_32_BIT_CONVERSION = YES;
				GCC_WARN_ABOUT_RETURN_TYPE = YES_ERROR;
				GCC_WARN_UNDECLARED_SELECTOR = YES;
				GCC_WARN_UNINITIALIZED_AUTOS = YES_AGGRESSIVE;
				GCC_WARN_UNUSED_FUNCTION = YES;
				GCC_WARN_UNUSED_VARIABLE = YES;
				MACOSX_DEPLOYMENT_TARGET = 10.12;
				MTL_ENABLE_DEBUG_INFO = NO;
				MTL_FAST_MATH = YES;
				SDKROOT = macosx;
				SWIFT_COMPILATION_MODE = wholemodule;
				SWIFT_OPTIMIZATION_LEVEL = "-O";
			};
			name = Release;
		};
		7158249A2445D2A700D0947F /* Debug */ = {
			isa = XCBuildConfiguration;
			buildSettings = {
				ASSETCATALOG_COMPILER_APPICON_NAME = AppIcon;
				CODE_SIGN_ENTITLEMENTS = Vento/Vento.entitlements;
				CODE_SIGN_STYLE = Automatic;
				COMBINE_HIDPI_IMAGES = YES;
				CURRENT_PROJECT_VERSION = 200411B7P;
				DEVELOPMENT_TEAM = CGSBH45W3P;
				ENABLE_HARDENED_RUNTIME = YES;
				INFOPLIST_FILE = Vento/Info.plist;
				LD_RUNPATH_SEARCH_PATHS = (
					"$(inherited)",
					"@executable_path/../Frameworks",
				);
				MARKETING_VERSION = 1.0.1;
				PRODUCT_BUNDLE_IDENTIFIER = com.michelbarnich.Vento;
				PRODUCT_NAME = "$(TARGET_NAME)";
				SWIFT_VERSION = 5.0;
			};
			name = Debug;
		};
		7158249B2445D2A700D0947F /* Release */ = {
			isa = XCBuildConfiguration;
			buildSettings = {
				ASSETCATALOG_COMPILER_APPICON_NAME = AppIcon;
				CODE_SIGN_ENTITLEMENTS = Vento/Vento.entitlements;
				CODE_SIGN_STYLE = Automatic;
				COMBINE_HIDPI_IMAGES = YES;
				CURRENT_PROJECT_VERSION = 200411B7P;
				DEVELOPMENT_TEAM = CGSBH45W3P;
				ENABLE_HARDENED_RUNTIME = YES;
				INFOPLIST_FILE = Vento/Info.plist;
				LD_RUNPATH_SEARCH_PATHS = (
					"$(inherited)",
					"@executable_path/../Frameworks",
				);
				MARKETING_VERSION = 1.0.1;
				PRODUCT_BUNDLE_IDENTIFIER = com.michelbarnich.Vento;
				PRODUCT_NAME = "$(TARGET_NAME)";
				SWIFT_VERSION = 5.0;
			};
			name = Release;
		};
		7158249D2445D2A700D0947F /* Debug */ = {
			isa = XCBuildConfiguration;
			buildSettings = {
				ALWAYS_EMBED_SWIFT_STANDARD_LIBRARIES = YES;
				BUNDLE_LOADER = "$(TEST_HOST)";
				CODE_SIGN_STYLE = Automatic;
				COMBINE_HIDPI_IMAGES = YES;
				DEVELOPMENT_TEAM = CGSBH45W3P;
				INFOPLIST_FILE = VentoTests/Info.plist;
				LD_RUNPATH_SEARCH_PATHS = (
					"$(inherited)",
					"@executable_path/../Frameworks",
					"@loader_path/../Frameworks",
				);
				MACOSX_DEPLOYMENT_TARGET = 10.15;
				PRODUCT_BUNDLE_IDENTIFIER = com.michelbarnich.VentoTests;
				PRODUCT_NAME = "$(TARGET_NAME)";
				SWIFT_VERSION = 5.0;
				TEST_HOST = "$(BUILT_PRODUCTS_DIR)/Vento.app/Contents/MacOS/Vento";
			};
			name = Debug;
		};
		7158249E2445D2A700D0947F /* Release */ = {
			isa = XCBuildConfiguration;
			buildSettings = {
				ALWAYS_EMBED_SWIFT_STANDARD_LIBRARIES = YES;
				BUNDLE_LOADER = "$(TEST_HOST)";
				CODE_SIGN_STYLE = Automatic;
				COMBINE_HIDPI_IMAGES = YES;
				DEVELOPMENT_TEAM = CGSBH45W3P;
				INFOPLIST_FILE = VentoTests/Info.plist;
				LD_RUNPATH_SEARCH_PATHS = (
					"$(inherited)",
					"@executable_path/../Frameworks",
					"@loader_path/../Frameworks",
				);
				MACOSX_DEPLOYMENT_TARGET = 10.15;
				PRODUCT_BUNDLE_IDENTIFIER = com.michelbarnich.VentoTests;
				PRODUCT_NAME = "$(TARGET_NAME)";
				SWIFT_VERSION = 5.0;
				TEST_HOST = "$(BUILT_PRODUCTS_DIR)/Vento.app/Contents/MacOS/Vento";
			};
			name = Release;
		};
		715824A02445D2A700D0947F /* Debug */ = {
			isa = XCBuildConfiguration;
			buildSettings = {
				ALWAYS_EMBED_SWIFT_STANDARD_LIBRARIES = YES;
				CODE_SIGN_STYLE = Automatic;
				COMBINE_HIDPI_IMAGES = YES;
				DEVELOPMENT_TEAM = CGSBH45W3P;
				INFOPLIST_FILE = VentoUITests/Info.plist;
				LD_RUNPATH_SEARCH_PATHS = (
					"$(inherited)",
					"@executable_path/../Frameworks",
					"@loader_path/../Frameworks",
				);
				PRODUCT_BUNDLE_IDENTIFIER = com.michelbarnich.VentoUITests;
				PRODUCT_NAME = "$(TARGET_NAME)";
				SWIFT_VERSION = 5.0;
				TEST_TARGET_NAME = Vento;
			};
			name = Debug;
		};
		715824A12445D2A700D0947F /* Release */ = {
			isa = XCBuildConfiguration;
			buildSettings = {
				ALWAYS_EMBED_SWIFT_STANDARD_LIBRARIES = YES;
				CODE_SIGN_STYLE = Automatic;
				COMBINE_HIDPI_IMAGES = YES;
				DEVELOPMENT_TEAM = CGSBH45W3P;
				INFOPLIST_FILE = VentoUITests/Info.plist;
				LD_RUNPATH_SEARCH_PATHS = (
					"$(inherited)",
					"@executable_path/../Frameworks",
					"@loader_path/../Frameworks",
				);
				PRODUCT_BUNDLE_IDENTIFIER = com.michelbarnich.VentoUITests;
				PRODUCT_NAME = "$(TARGET_NAME)";
				SWIFT_VERSION = 5.0;
				TEST_TARGET_NAME = Vento;
			};
			name = Release;
		};
/* End XCBuildConfiguration section */

/* Begin XCConfigurationList section */
		7158246B2445D2A500D0947F /* Build configuration list for PBXProject "Vento" */ = {
			isa = XCConfigurationList;
			buildConfigurations = (
				715824972445D2A700D0947F /* Debug */,
				715824982445D2A700D0947F /* Release */,
			);
			defaultConfigurationIsVisible = 0;
			defaultConfigurationName = Release;
		};
		715824992445D2A700D0947F /* Build configuration list for PBXNativeTarget "Vento" */ = {
			isa = XCConfigurationList;
			buildConfigurations = (
				7158249A2445D2A700D0947F /* Debug */,
				7158249B2445D2A700D0947F /* Release */,
			);
			defaultConfigurationIsVisible = 0;
			defaultConfigurationName = Release;
		};
		7158249C2445D2A700D0947F /* Build configuration list for PBXNativeTarget "VentoTests" */ = {
			isa = XCConfigurationList;
			buildConfigurations = (
				7158249D2445D2A700D0947F /* Debug */,
				7158249E2445D2A700D0947F /* Release */,
			);
			defaultConfigurationIsVisible = 0;
			defaultConfigurationName = Release;
		};
		7158249F2445D2A700D0947F /* Build configuration list for PBXNativeTarget "VentoUITests" */ = {
			isa = XCConfigurationList;
			buildConfigurations = (
				715824A02445D2A700D0947F /* Debug */,
				715824A12445D2A700D0947F /* Release */,
			);
			defaultConfigurationIsVisible = 0;
			defaultConfigurationName = Release;
		};
/* End XCConfigurationList section */

/* Begin XCVersionGroup section */
		715824772445D2A500D0947F /* Vento.xcdatamodeld */ = {
			isa = XCVersionGroup;
			children = (
				715824782445D2A500D0947F /* Vento.xcdatamodel */,
			);
			currentVersion = 715824782445D2A500D0947F /* Vento.xcdatamodel */;
			path = Vento.xcdatamodeld;
			sourceTree = "<group>";
			versionGroupType = wrapper.xcdatamodel;
		};
/* End XCVersionGroup section */
	};
	rootObject = 715824682445D2A500D0947F /* Project object */;
}
